// !$*UTF8*$!
{
	archiveVersion = 1;
	classes = {
	};
	objectVersion = 56;
	objects = {

/* Begin PBXBuildFile section */
		A001 /* NetMapApp.swift */            = {isa = PBXBuildFile; fileRef = B001; };
		A013 /* BLEDevice.swift */            = {isa = PBXBuildFile; fileRef = B013; };
		A014 /* BLEScanner.swift */           = {isa = PBXBuildFile; fileRef = B014; };
		A015 /* BLEDeviceListView.swift */    = {isa = PBXBuildFile; fileRef = B015; };
		A016 /* VehicleConfig.swift */        = {isa = PBXBuildFile; fileRef = B016; };
		A017 /* VehicleStore.swift */         = {isa = PBXBuildFile; fileRef = B017; };
		A018 /* VehicleMapView.swift */       = {isa = PBXBuildFile; fileRef = B018; };
		A019 /* VehicleListView.swift */      = {isa = PBXBuildFile; fileRef = B019; };
		A020 /* VehicleDetailView.swift */    = {isa = PBXBuildFile; fileRef = B020; };
		A021 /* LocationManager.swift */      = {isa = PBXBuildFile; fileRef = B021; };
		A022 /* SensorHistoryView.swift */    = {isa = PBXBuildFile; fileRef = B022; };
		A023 /* NetMapServerClient.swift */   = {isa = PBXBuildFile; fileRef = B023; };
		A024 /* ServerSettingsView.swift */   = {isa = PBXBuildFile; fileRef = B024; };
		A025 /* LoginView.swift */            = {isa = PBXBuildFile; fileRef = B025; };
		A026 /* PairedSensorsView.swift */    = {isa = PBXBuildFile; fileRef = B026; };
/* End PBXBuildFile section */

/* Begin PBXFileReference section */
		B001 /* NetMapApp.swift */            = {isa = PBXFileReference; lastKnownFileType = sourcecode.swift; path = NetMapApp.swift; sourceTree = "<group>"; };
		B013 /* BLEDevice.swift */            = {isa = PBXFileReference; lastKnownFileType = sourcecode.swift; path = BLEDevice.swift; sourceTree = "<group>"; };
		B014 /* BLEScanner.swift */           = {isa = PBXFileReference; lastKnownFileType = sourcecode.swift; path = BLEScanner.swift; sourceTree = "<group>"; };
		B015 /* BLEDeviceListView.swift */    = {isa = PBXFileReference; lastKnownFileType = sourcecode.swift; path = BLEDeviceListView.swift; sourceTree = "<group>"; };
		B016 /* VehicleConfig.swift */        = {isa = PBXFileReference; lastKnownFileType = sourcecode.swift; path = VehicleConfig.swift; sourceTree = "<group>"; };
		B017 /* VehicleStore.swift */         = {isa = PBXFileReference; lastKnownFileType = sourcecode.swift; path = VehicleStore.swift; sourceTree = "<group>"; };
		B018 /* VehicleMapView.swift */       = {isa = PBXFileReference; lastKnownFileType = sourcecode.swift; path = VehicleMapView.swift; sourceTree = "<group>"; };
		B019 /* VehicleListView.swift */      = {isa = PBXFileReference; lastKnownFileType = sourcecode.swift; path = VehicleListView.swift; sourceTree = "<group>"; };
		B020 /* VehicleDetailView.swift */    = {isa = PBXFileReference; lastKnownFileType = sourcecode.swift; path = VehicleDetailView.swift; sourceTree = "<group>"; };
		B021 /* LocationManager.swift */      = {isa = PBXFileReference; lastKnownFileType = sourcecode.swift; path = LocationManager.swift; sourceTree = "<group>"; };
		B022 /* SensorHistoryView.swift */    = {isa = PBXFileReference; lastKnownFileType = sourcecode.swift; path = SensorHistoryView.swift; sourceTree = "<group>"; };
		B023 /* NetMapServerClient.swift */   = {isa = PBXFileReference; lastKnownFileType = sourcecode.swift; path = NetMapServerClient.swift; sourceTree = "<group>"; };
		B024 /* ServerSettingsView.swift */   = {isa = PBXFileReference; lastKnownFileType = sourcecode.swift; path = ServerSettingsView.swift; sourceTree = "<group>"; };
		B025 /* LoginView.swift */            = {isa = PBXFileReference; lastKnownFileType = sourcecode.swift; path = LoginView.swift; sourceTree = "<group>"; };
		B026 /* PairedSensorsView.swift */    = {isa = PBXFileReference; lastKnownFileType = sourcecode.swift; path = PairedSensorsView.swift; sourceTree = "<group>"; };
		PROD /* NetMap.app */                 = {isa = PBXFileReference; explicitFileType = wrapper.application; includeInIndex = 0; path = NetMap.app; sourceTree = BUILT_PRODUCTS_DIR; };
		ENTT /* NetMap.entitlements */        = {isa = PBXFileReference; lastKnownFileType = text.plist.entitlements; path = NetMap.entitlements; sourceTree = "<group>"; };
/* End PBXFileReference section */

/* Begin PBXGroup section */
		ROOT = {
			isa = PBXGroup;
			children = (
				GAPP /* App */,
				GMOD /* Models */,
				GSVC /* Services */,
				GVWS /* Views */,
				GRES /* Resources */,
				PROD /* Products */,
			);
			sourceTree = "<group>";
		};
		GAPP = {
			isa = PBXGroup;
			children = ( B001, ENTT );
			name = App;
			path = NetMap/App;
			sourceTree = "<group>";
		};
		GMOD = {
			isa = PBXGroup;
			children = ( B013, B016 );
			name = Models;
			path = NetMap/Models;
			sourceTree = "<group>";
		};
		GSVC = {
			isa = PBXGroup;
			children = ( B014, B017, B021, B023 );
			name = Services;
			path = NetMap/Services;
			sourceTree = "<group>";
		};
		GVWS = {
			isa = PBXGroup;
			children = ( B015, B018, B019, B020, B022, B024, B025, B026 );
			name = Views;
			path = NetMap/Views;
			sourceTree = "<group>";
		};
		GRES = {
			isa = PBXGroup;
			children = ();
			name = Resources;
			path = NetMap/Resources;
			sourceTree = "<group>";
		};
/* End PBXGroup section */

/* Begin PBXNativeTarget section */
		TGT1 = {
			isa = PBXNativeTarget;
			buildConfigurationList = CFGL;
			buildPhases = ( PH01, PH02 );
			buildRules = ();
			dependencies = ();
			name = NetMap;
			productName = NetMap;
			productReference = PROD;
			productType = "com.apple.product-type.application";
		};
/* End PBXNativeTarget section */

/* Begin PBXProject section */
		PROJ = {
			isa = PBXProject;
			attributes = {
				BuildIndependentTargetsInParallel = 1;
				LastSwiftUpdateCheck = 1540;
				LastUpgradeCheck = 1540;
				TargetAttributes = { TGT1 = { CreatedOnToolsVersion = 15.4; }; };
			};
			buildConfigurationList = CFGP;
			compatibilityVersion = "Xcode 14.0";
			developmentRegion = fr;
			hasScannedForEncodings = 0;
			knownRegions = ( en, Base, fr );
			mainGroup = ROOT;
			productRefGroup = ROOT;
			projectDirPath = "";
			projectRoot = "";
			targets = ( TGT1 );
		};
/* End PBXProject section */

/* Begin PBXSourcesBuildPhase section */
		PH01 = {
			isa = PBXSourcesBuildPhase;
			buildActionMask = 2147483647;
			files = ( A001, A013, A014, A015, A016, A017, A018, A019, A020, A021, A022, A023, A024, A025, A026 );
			runOnlyForDeploymentPostprocessing = 0;
		};
/* End PBXSourcesBuildPhase section */

/* Begin PBXFrameworksBuildPhase section */
		PH02 = {
			isa = PBXFrameworksBuildPhase;
			buildActionMask = 2147483647;
			files = ();
			runOnlyForDeploymentPostprocessing = 0;
		};
/* End PBXFrameworksBuildPhase section */

/* Begin XCBuildConfiguration section */
		CFG1 = {
			isa = XCBuildConfiguration;
			buildSettings = {
				ALWAYS_SEARCH_USER_PATHS = NO;
				ASCATALOG_COMPILER_GENERATE_SWIFT_ASSET_SYMBOL_EXTENSIONS = YES;
				CLANG_ANALYZER_NONNULL = YES;
				CLANG_ANALYZER_NUMBER_OBJECT_CONVERSION = YES_AGGRESSIVE;
				CLANG_CXX_LANGUAGE_STANDARD = "gnu++20";
				CLANG_ENABLE_MODULES = YES;
				CLANG_ENABLE_OBJC_ARC = YES;
				CLANG_WARN_BLOCK_CAPTURE_AUTORELEASING = YES;
				CLANG_WARN_BOOL_CONVERSION = YES;
				CLANG_WARN_COMMA = YES;
				CLANG_WARN_CONSTANT_CONVERSION = YES;
				CLANG_WARN_DEPRECATED_OBJC_IMPLEMENTATIONS = YES;
				CLANG_WARN_DIRECT_OBJC_ISA_USAGE = YES_ERROR;
				CLANG_WARN_DOCUMENTATION_COMMENTS = YES;
				CLANG_WARN_EMPTY_BODY = YES;
				CLANG_WARN_ENUM_CONVERSION = YES;
				CLANG_WARN_INFINITE_RECURSION = YES;
				CLANG_WARN_INT_CONVERSION = YES;
				CLANG_WARN_NON_LITERAL_NULL_CONVERSION = YES;
				CLANG_WARN_OBJC_IMPLICIT_RETAIN_SELF = YES;
				CLANG_WARN_OBJC_LITERAL_CONVERSION = YES;
				CLANG_WARN_OBJC_ROOT_CLASS = YES_ERROR;
				CLANG_WARN_QUOTED_INCLUDE_IN_FRAMEWORK_HEADER = YES;
				CLANG_WARN_RANGE_LOOP_ANALYSIS = YES;
				CLANG_WARN_STRICT_PROTOTYPES = YES;
				CLANG_WARN_SUSPICIOUS_MOVE = YES;
				CLANG_WARN_UNGUARDED_AVAILABILITY = YES_AGGRESSIVE;
				CLANG_WARN_UNREACHABLE_CODE = YES;
				CLANG_WARN__DUPLICATE_METHOD_MATCH = YES;
				COPY_PHASE_STRIP = NO;
				DEBUG_INFORMATION_FORMAT = dwarf;
				ENABLE_STRICT_OBJC_MSGSEND = YES;
				ENABLE_TESTABILITY = YES;
				ENABLE_USER_SCRIPT_SANDBOXING = YES;
				GCC_C_LANGUAGE_STANDARD = gnu17;
				GCC_DYNAMIC_NO_PIC = NO;
				GCC_NO_COMMON_BLOCKS = YES;
				GCC_OPTIMIZATION_LEVEL = 0;
				GCC_PREPROCESSOR_DEFINITIONS = "DEBUG=1 $(inherited)";
				GCC_WARN_64_TO_32_BIT_CONVERSION = YES;
				GCC_WARN_ABOUT_RETURN_TYPE = YES_ERROR;
				GCC_WARN_UNDECLARED_SELECTOR = YES;
				GCC_WARN_UNINITIALIZED_AUTOS = YES_AGGRESSIVE;
				GCC_WARN_UNUSED_FUNCTION = YES;
				GCC_WARN_UNUSED_VARIABLE = YES;
				LOCALIZATION_PREFERS_STRING_CATALOGS = YES;
				MACOSX_DEPLOYMENT_TARGET = 14.0;
				MTL_ENABLE_DEBUG_INFO = INCLUDE_SOURCE;
				MTL_FAST_MATH = YES;
				ONLY_ACTIVE_ARCH = YES;
				SDKROOT = auto;
				SWIFT_ACTIVE_COMPILATION_CONDITIONS = "DEBUG $(inherited)";
				SWIFT_OPTIMIZATION_LEVEL = "-Onone";
			};
			name = Debug;
		};
		CFG2 = {
			isa = XCBuildConfiguration;
			buildSettings = {
				ALWAYS_SEARCH_USER_PATHS = NO;
				ASCATALOG_COMPILER_GENERATE_SWIFT_ASSET_SYMBOL_EXTENSIONS = YES;
				CLANG_ANALYZER_NONNULL = YES;
				CLANG_ANALYZER_NUMBER_OBJECT_CONVERSION = YES_AGGRESSIVE;
				CLANG_CXX_LANGUAGE_STANDARD = "gnu++20";
				CLANG_ENABLE_MODULES = YES;
				CLANG_ENABLE_OBJC_ARC = YES;
				CLANG_WARN_BLOCK_CAPTURE_AUTORELEASING = YES;
				CLANG_WARN_BOOL_CONVERSION = YES;
				CLANG_WARN_COMMA = YES;
				CLANG_WARN_CONSTANT_CONVERSION = YES;
				CLANG_WARN_DEPRECATED_OBJC_IMPLEMENTATIONS = YES;
				CLANG_WARN_DIRECT_OBJC_ISA_USAGE = YES_ERROR;
				CLANG_WARN_DOCUMENTATION_COMMENTS = YES;
				CLANG_WARN_EMPTY_BODY = YES;
				CLANG_WARN_ENUM_CONVERSION = YES;
				CLANG_WARN_INFINITE_RECURSION = YES;
				CLANG_WARN_INT_CONVERSION = YES;
				CLANG_WARN_NON_LITERAL_NULL_CONVERSION = YES;
				CLANG_WARN_OBJC_IMPLICIT_RETAIN_SELF = YES;
				CLANG_WARN_OBJC_LITERAL_CONVERSION = YES;
				CLANG_WARN_OBJC_ROOT_CLASS = YES_ERROR;
				CLANG_WARN_QUOTED_INCLUDE_IN_FRAMEWORK_HEADER = YES;
				CLANG_WARN_RANGE_LOOP_ANALYSIS = YES;
				CLANG_WARN_STRICT_PROTOTYPES = YES;
				CLANG_WARN_SUSPICIOUS_MOVE = YES;
				CLANG_WARN_UNGUARDED_AVAILABILITY = YES_AGGRESSIVE;
				CLANG_WARN_UNREACHABLE_CODE = YES;
				CLANG_WARN__DUPLICATE_METHOD_MATCH = YES;
				COPY_PHASE_STRIP = NO;
				DEBUG_INFORMATION_FORMAT = "dwarf-with-dsym";
				ENABLE_NS_ASSERTIONS = NO;
				ENABLE_STRICT_OBJC_MSGSEND = YES;
				ENABLE_USER_SCRIPT_SANDBOXING = YES;
				GCC_C_LANGUAGE_STANDARD = gnu17;
				GCC_NO_COMMON_BLOCKS = YES;
				GCC_WARN_64_TO_32_BIT_CONVERSION = YES;
				GCC_WARN_ABOUT_RETURN_TYPE = YES_ERROR;
				GCC_WARN_UNDECLARED_SELECTOR = YES;
				GCC_WARN_UNINITIALIZED_AUTOS = YES_AGGRESSIVE;
				GCC_WARN_UNUSED_FUNCTION = YES;
				GCC_WARN_UNUSED_VARIABLE = YES;
				LOCALIZATION_PREFERS_STRING_CATALOGS = YES;
				MACOSX_DEPLOYMENT_TARGET = 14.0;
				MTL_FAST_MATH = YES;
				SDKROOT = auto;
				SWIFT_COMPILATION_MODE = wholemodule;
			};
			name = Release;
		};
		CFG3 = {
			isa = XCBuildConfiguration;
			buildSettings = {
				ASCATALOG_COMPILER_APPICON_NAME = AppIcon;
				ASCATALOG_COMPILER_GLOBAL_ACCENT_COLOR_NAME = AccentColor;
				CODE_SIGN_ENTITLEMENTS = NetMap/NetMap.entitlements;
				CODE_SIGN_STYLE = Automatic;
				CURRENT_PROJECT_VERSION = 1;
				DEVELOPMENT_TEAM = "";
				ENABLE_HARDENED_RUNTIME = YES;
				GENERATE_INFOPLIST_FILE = YES;
				INFOPLIST_FILE = NetMap/Info.plist;
				INFOPLIST_KEY_NSHumanReadableCopyright = "";
				IPHONEOS_DEPLOYMENT_TARGET = 17.0;
				LD_RUNPATH_SEARCH_PATHS = "@executable_path/Frameworks @executable_path/../Frameworks";
				MACOSX_DEPLOYMENT_TARGET = 14.0;
				MARKETING_VERSION = 1.0;
				PRODUCT_BUNDLE_IDENTIFIER = com.netmap.app;
				PRODUCT_NAME = "$(TARGET_NAME)";
				SUPPORTED_PLATFORMS = "macosx iphoneos iphonesimulator";
				SWIFT_EMIT_LOC_STRINGS = YES;
				SWIFT_VERSION = 5.0;
				TARGETED_DEVICE_FAMILY = "1,2,6";
			};
			name = Debug;
		};
		CFG4 = {
			isa = XCBuildConfiguration;
			buildSettings = {
				ASCATALOG_COMPILER_APPICON_NAME = AppIcon;
				ASCATALOG_COMPILER_GLOBAL_ACCENT_COLOR_NAME = AccentColor;
				CODE_SIGN_ENTITLEMENTS = NetMap/NetMap.entitlements;
				CODE_SIGN_STYLE = Automatic;
				CURRENT_PROJECT_VERSION = 1;
				DEVELOPMENT_TEAM = "";
				ENABLE_HARDENED_RUNTIME = YES;
				GENERATE_INFOPLIST_FILE = YES;
				INFOPLIST_FILE = NetMap/Info.plist;
				INFOPLIST_KEY_NSHumanReadableCopyright = "";
				IPHONEOS_DEPLOYMENT_TARGET = 17.0;
				LD_RUNPATH_SEARCH_PATHS = "@executable_path/Frameworks @executable_path/../Frameworks";
				MACOSX_DEPLOYMENT_TARGET = 14.0;
				MARKETING_VERSION = 1.0;
				PRODUCT_BUNDLE_IDENTIFIER = com.netmap.app;
				PRODUCT_NAME = "$(TARGET_NAME)";
				SUPPORTED_PLATFORMS = "macosx iphoneos iphonesimulator";
				SWIFT_EMIT_LOC_STRINGS = YES;
				SWIFT_VERSION = 5.0;
				TARGETED_DEVICE_FAMILY = "1,2,6";
			};
			name = Release;
		};
/* End XCBuildConfiguration section */

/* Begin XCConfigurationList section */
		CFGP = {
			isa = XCConfigurationList;
			buildConfigurations = ( CFG1, CFG2 );
			defaultConfigurationIsVisible = 0;
			defaultConfigurationName = Release;
		};
		CFGL = {
			isa = XCConfigurationList;
			buildConfigurations = ( CFG3, CFG4 );
			defaultConfigurationIsVisible = 0;
			defaultConfigurationName = Release;
		};
/* End XCConfigurationList section */

	};
	rootObject = PROJ;
}
