// !$*UTF8*$!
{
	archiveVersion = 1;
	classes = {
	};
	objectVersion = 56;
	objects = {

/* Begin PBXBuildFile section */
		A031 /* AppIcon.icns in Resources */ = {isa = PBXBuildFile; fileRef = B031 /* AppIcon.icns */; };
		A030 /* Assets.xcassets in Resources */ = {isa = PBXBuildFile; fileRef = B030 /* Assets.xcassets */; };
		A001 /* NetMapApp.swift in Sources */ = {isa = PBXBuildFile; fileRef = B001 /* NetMapApp.swift */; };
		A013 /* BLEDevice.swift in Sources */ = {isa = PBXBuildFile; fileRef = B013 /* BLEDevice.swift */; };
		A014 /* BLEScanner.swift in Sources */ = {isa = PBXBuildFile; fileRef = B014 /* BLEScanner.swift */; };
		A015 /* BLEDeviceListView.swift in Sources */ = {isa = PBXBuildFile; fileRef = B015 /* BLEDeviceListView.swift */; };
		A016 /* VehicleConfig.swift in Sources */ = {isa = PBXBuildFile; fileRef = B016 /* VehicleConfig.swift */; };
		A017 /* VehicleStore.swift in Sources */ = {isa = PBXBuildFile; fileRef = B017 /* VehicleStore.swift */; };
		A018 /* VehicleMapView.swift in Sources */ = {isa = PBXBuildFile; fileRef = B018 /* VehicleMapView.swift */; };
		A019 /* VehicleListView.swift in Sources */ = {isa = PBXBuildFile; fileRef = B019 /* VehicleListView.swift */; };
		A020 /* VehicleDetailView.swift in Sources */ = {isa = PBXBuildFile; fileRef = B020 /* VehicleDetailView.swift */; };
		A021 /* LocationManager.swift in Sources */ = {isa = PBXBuildFile; fileRef = B021 /* LocationManager.swift */; };
		A023 /* NetMapServerClient.swift in Sources */ = {isa = PBXBuildFile; fileRef = B023 /* NetMapServerClient.swift */; };
		A027 /* LaunchAgentManager.swift in Sources */ = {isa = PBXBuildFile; fileRef = B027 /* LaunchAgentManager.swift */; };
		A024 /* ServerSettingsView.swift in Sources */ = {isa = PBXBuildFile; fileRef = B024 /* ServerSettingsView.swift */; };
		A025 /* LoginView.swift in Sources */ = {isa = PBXBuildFile; fileRef = B025 /* LoginView.swift */; };
		A026 /* PairedSensorsView.swift in Sources */ = {isa = PBXBuildFile; fileRef = B026 /* PairedSensorsView.swift */; };
		A028 /* SensorPushService.swift in Sources */ = {isa = PBXBuildFile; fileRef = B028 /* SensorPushService.swift */; };
		A033 /* BiometricAuthService.swift in Sources */ = {isa = PBXBuildFile; fileRef = B033 /* BiometricAuthService.swift */; };
		A029 /* AppEnvironment.swift in Sources */ = {isa = PBXBuildFile; fileRef = B029 /* AppEnvironment.swift */; };
		A032 /* AppDelegate.swift in Sources */ = {isa = PBXBuildFile; fileRef = B032 /* AppDelegate.swift */; };
/* End PBXBuildFile section */

/* Begin PBXFileReference section */
		B001 /* NetMapApp.swift */ = {isa = PBXFileReference; lastKnownFileType = sourcecode.swift; path = NetMapApp.swift; sourceTree = "<group>"; };
		B013 /* BLEDevice.swift */ = {isa = PBXFileReference; lastKnownFileType = sourcecode.swift; path = BLEDevice.swift; sourceTree = "<group>"; };
		B014 /* BLEScanner.swift */ = {isa = PBXFileReference; lastKnownFileType = sourcecode.swift; path = BLEScanner.swift; sourceTree = "<group>"; };
		B015 /* BLEDeviceListView.swift */ = {isa = PBXFileReference; lastKnownFileType = sourcecode.swift; path = BLEDeviceListView.swift; sourceTree = "<group>"; };
		B016 /* VehicleConfig.swift */ = {isa = PBXFileReference; lastKnownFileType = sourcecode.swift; path = VehicleConfig.swift; sourceTree = "<group>"; };
		B017 /* VehicleStore.swift */ = {isa = PBXFileReference; lastKnownFileType = sourcecode.swift; path = VehicleStore.swift; sourceTree = "<group>"; };
		B018 /* VehicleMapView.swift */ = {isa = PBXFileReference; lastKnownFileType = sourcecode.swift; path = VehicleMapView.swift; sourceTree = "<group>"; };
		B019 /* VehicleListView.swift */ = {isa = PBXFileReference; lastKnownFileType = sourcecode.swift; path = VehicleListView.swift; sourceTree = "<group>"; };
		B020 /* VehicleDetailView.swift */ = {isa = PBXFileReference; lastKnownFileType = sourcecode.swift; path = VehicleDetailView.swift; sourceTree = "<group>"; };
		B021 /* LocationManager.swift */ = {isa = PBXFileReference; lastKnownFileType = sourcecode.swift; path = LocationManager.swift; sourceTree = "<group>"; };
		B023 /* NetMapServerClient.swift */ = {isa = PBXFileReference; lastKnownFileType = sourcecode.swift; path = NetMapServerClient.swift; sourceTree = "<group>"; };
		B027 /* LaunchAgentManager.swift */ = {isa = PBXFileReference; lastKnownFileType = sourcecode.swift; path = LaunchAgentManager.swift; sourceTree = "<group>"; };
		B024 /* ServerSettingsView.swift */ = {isa = PBXFileReference; lastKnownFileType = sourcecode.swift; path = ServerSettingsView.swift; sourceTree = "<group>"; };
		B025 /* LoginView.swift */ = {isa = PBXFileReference; lastKnownFileType = sourcecode.swift; path = LoginView.swift; sourceTree = "<group>"; };
		B026 /* PairedSensorsView.swift */ = {isa = PBXFileReference; lastKnownFileType = sourcecode.swift; path = PairedSensorsView.swift; sourceTree = "<group>"; };
		B028 /* SensorPushService.swift */ = {isa = PBXFileReference; lastKnownFileType = sourcecode.swift; path = SensorPushService.swift; sourceTree = "<group>"; };
		B033 /* BiometricAuthService.swift */ = {isa = PBXFileReference; lastKnownFileType = sourcecode.swift; path = BiometricAuthService.swift; sourceTree = "<group>"; };
		B029 /* AppEnvironment.swift */ = {isa = PBXFileReference; lastKnownFileType = sourcecode.swift; path = AppEnvironment.swift; sourceTree = "<group>"; };
		B032 /* AppDelegate.swift */ = {isa = PBXFileReference; lastKnownFileType = sourcecode.swift; path = AppDelegate.swift; sourceTree = "<group>"; };
		B030 /* Assets.xcassets */ = {isa = PBXFileReference; lastKnownFileType = folder.assetcatalog; path = Assets.xcassets; sourceTree = "<group>"; };
		B031 /* AppIcon.icns */ = {isa = PBXFileReference; lastKnownFileType = image.icns; path = AppIcon.icns; sourceTree = "<group>"; };
		ENTT /* NetMap.entitlements */ = {isa = PBXFileReference; lastKnownFileType = text.plist.entitlements; path = NetMap.entitlements; sourceTree = "<group>"; };
		PROD /* NetMap.app */ = {isa = PBXFileReference; explicitFileType = wrapper.application; includeInIndex = 0; path = NetMap.app; sourceTree = BUILT_PRODUCTS_DIR; };
/* End PBXFileReference section */

/* Begin PBXFrameworksBuildPhase section */
		PH02 /* Frameworks */ = {
			isa = PBXFrameworksBuildPhase;
			buildActionMask = 2147483647;
			files = (
			);
			runOnlyForDeploymentPostprocessing = 0;
		};
/* End PBXFrameworksBuildPhase section */

/* Begin PBXResourcesBuildPhase section */
		PH03 /* Resources */ = {
			isa = PBXResourcesBuildPhase;
			buildActionMask = 2147483647;
			files = (
				A031 /* AppIcon.icns in Resources */,
				A030 /* Assets.xcassets in Resources */,
			);
			runOnlyForDeploymentPostprocessing = 0;
		};
/* End PBXResourcesBuildPhase section */

/* Begin PBXGroup section */
		GAPP /* App */ = {
			isa = PBXGroup;
			children = (
				B001 /* NetMapApp.swift */,
				B029 /* AppEnvironment.swift */,
				B032 /* AppDelegate.swift */,
				ENTT /* NetMap.entitlements */,
			);
			name = App;
			path = NetMap/App;
			sourceTree = "<group>";
		};
		GMOD /* Models */ = {
			isa = PBXGroup;
			children = (
				B013 /* BLEDevice.swift */,
				B016 /* VehicleConfig.swift */,
			);
			name = Models;
			path = NetMap/Models;
			sourceTree = "<group>";
		};
		GRES /* Resources */ = {
			isa = PBXGroup;
			children = (
				B031 /* AppIcon.icns */,
				B030 /* Assets.xcassets */,
			);
			name = Resources;
			path = NetMap/Resources;
			sourceTree = "<group>";
		};
		GSVC /* Services */ = {
			isa = PBXGroup;
			children = (
				B014 /* BLEScanner.swift */,
				B017 /* VehicleStore.swift */,
				B021 /* LocationManager.swift */,
				B023 /* NetMapServerClient.swift */,
				B027 /* LaunchAgentManager.swift */,
				B028 /* SensorPushService.swift */,
				B033 /* BiometricAuthService.swift */,
			);
			name = Services;
			path = NetMap/Services;
			sourceTree = "<group>";
		};
		GVWS /* Views */ = {
			isa = PBXGroup;
			children = (
				B015 /* BLEDeviceListView.swift */,
				B018 /* VehicleMapView.swift */,
				B019 /* VehicleListView.swift */,
				B020 /* VehicleDetailView.swift */,
				B024 /* ServerSettingsView.swift */,
				B025 /* LoginView.swift */,
				B026 /* PairedSensorsView.swift */,
			);
			name = Views;
			path = NetMap/Views;
			sourceTree = "<group>";
		};
		ROOT = {
			isa = PBXGroup;
			children = (
				GAPP /* App */,
				GMOD /* Models */,
				GSVC /* Services */,
				GVWS /* Views */,
				GRES /* Resources */,
				PROD /* NetMap.app */,
			);
			sourceTree = "<group>";
		};
/* End PBXGroup section */

/* Begin PBXNativeTarget section */
		TGT1 /* NetMap */ = {
			isa = PBXNativeTarget;
			buildConfigurationList = CFGL /* Build configuration list for PBXNativeTarget "NetMap" */;
			buildPhases = (
				PH01 /* Sources */,
				PH02 /* Frameworks */,
				PH03 /* Resources */,
			);
			buildRules = (
			);
			dependencies = (
			);
			name = NetMap;
			productName = NetMap;
			productReference = PROD /* NetMap.app */;
			productType = "com.apple.product-type.application";
		};
/* End PBXNativeTarget section */

/* Begin PBXProject section */
		PROJ /* Project object */ = {
			isa = PBXProject;
			attributes = {
				BuildIndependentTargetsInParallel = 1;
				LastSwiftUpdateCheck = 1540;
				LastUpgradeCheck = 1540;
				TargetAttributes = {
					TGT1 = {
						CreatedOnToolsVersion = 15.4;
					};
				};
			};
			buildConfigurationList = CFGP /* Build configuration list for PBXProject "NetMap" */;
			compatibilityVersion = "Xcode 14.0";
			developmentRegion = fr;
			hasScannedForEncodings = 0;
			knownRegions = (
				en,
				Base,
				fr,
			);
			mainGroup = ROOT;
			productRefGroup = ROOT;
			projectDirPath = "";
			projectRoot = "";
			targets = (
				TGT1 /* NetMap */,
			);
		};
/* End PBXProject section */

/* Begin PBXSourcesBuildPhase section */
		PH01 /* Sources */ = {
			isa = PBXSourcesBuildPhase;
			buildActionMask = 2147483647;
			files = (
				A001 /* NetMapApp.swift in Sources */,
				A013 /* BLEDevice.swift in Sources */,
				A014 /* BLEScanner.swift in Sources */,
				A015 /* BLEDeviceListView.swift in Sources */,
				A016 /* VehicleConfig.swift in Sources */,
				A017 /* VehicleStore.swift in Sources */,
				A018 /* VehicleMapView.swift in Sources */,
				A019 /* VehicleListView.swift in Sources */,
				A020 /* VehicleDetailView.swift in Sources */,
				A021 /* LocationManager.swift in Sources */,
				A023 /* NetMapServerClient.swift in Sources */,
				A027 /* LaunchAgentManager.swift in Sources */,
				A024 /* ServerSettingsView.swift in Sources */,
				A025 /* LoginView.swift in Sources */,
				A026 /* PairedSensorsView.swift in Sources */,
				A028 /* SensorPushService.swift in Sources */,
				A033 /* BiometricAuthService.swift in Sources */,
				A029 /* AppEnvironment.swift in Sources */,
				A032 /* AppDelegate.swift in Sources */,
			);
			runOnlyForDeploymentPostprocessing = 0;
		};
/* End PBXSourcesBuildPhase section */

/* Begin XCBuildConfiguration section */
		CFG1 /* Debug */ = {
			isa = XCBuildConfiguration;
			buildSettings = {
				ALWAYS_SEARCH_USER_PATHS = NO;
				ASCATALOG_COMPILER_GENERATE_SWIFT_ASSET_SYMBOL_EXTENSIONS = YES;
				CLANG_ANALYZER_NONNULL = YES;
				CLANG_ANALYZER_NUMBER_OBJECT_CONVERSION = YES_AGGRESSIVE;
				CLANG_CXX_LANGUAGE_STANDARD = "gnu++20";
				CLANG_ENABLE_MODULES = YES;
				CLANG_ENABLE_OBJC_ARC = YES;
				CLANG_WARN_BLOCK_CAPTURE_AUTORELEASING = YES;
				CLANG_WARN_BOOL_CONVERSION = YES;
				CLANG_WARN_COMMA = YES;
				CLANG_WARN_CONSTANT_CONVERSION = YES;
				CLANG_WARN_DEPRECATED_OBJC_IMPLEMENTATIONS = YES;
				CLANG_WARN_DIRECT_OBJC_ISA_USAGE = YES_ERROR;
				CLANG_WARN_DOCUMENTATION_COMMENTS = YES;
				CLANG_WARN_EMPTY_BODY = YES;
				CLANG_WARN_ENUM_CONVERSION = YES;
				CLANG_WARN_INFINITE_RECURSION = YES;
				CLANG_WARN_INT_CONVERSION = YES;
				CLANG_WARN_NON_LITERAL_NULL_CONVERSION = YES;
				CLANG_WARN_OBJC_IMPLICIT_RETAIN_SELF = YES;
				CLANG_WARN_OBJC_LITERAL_CONVERSION = YES;
				CLANG_WARN_OBJC_ROOT_CLASS = YES_ERROR;
				CLANG_WARN_QUOTED_INCLUDE_IN_FRAMEWORK_HEADER = YES;
				CLANG_WARN_RANGE_LOOP_ANALYSIS = YES;
				CLANG_WARN_STRICT_PROTOTYPES = YES;
				CLANG_WARN_SUSPICIOUS_MOVE = YES;
				CLANG_WARN_UNGUARDED_AVAILABILITY = YES_AGGRESSIVE;
				CLANG_WARN_UNREACHABLE_CODE = YES;
				CLANG_WARN__DUPLICATE_METHOD_MATCH = YES;
				COPY_PHASE_STRIP = NO;
				DEBUG_INFORMATION_FORMAT = dwarf;
				ENABLE_STRICT_OBJC_MSGSEND = YES;
				ENABLE_TESTABILITY = YES;
				ENABLE_USER_SCRIPT_SANDBOXING = YES;
				GCC_C_LANGUAGE_STANDARD = gnu17;
				GCC_DYNAMIC_NO_PIC = NO;
				GCC_NO_COMMON_BLOCKS = YES;
				GCC_OPTIMIZATION_LEVEL = 0;
				GCC_PREPROCESSOR_DEFINITIONS = (
					"DEBUG=1",
					"$(inherited)",
				);
				GCC_WARN_64_TO_32_BIT_CONVERSION = YES;
				GCC_WARN_ABOUT_RETURN_TYPE = YES_ERROR;
				GCC_WARN_UNDECLARED_SELECTOR = YES;
				GCC_WARN_UNINITIALIZED_AUTOS = YES_AGGRESSIVE;
				GCC_WARN_UNUSED_FUNCTION = YES;
				GCC_WARN_UNUSED_VARIABLE = YES;
				LOCALIZATION_PREFERS_STRING_CATALOGS = YES;
				MACOSX_DEPLOYMENT_TARGET = 14.0;
				MTL_ENABLE_DEBUG_INFO = INCLUDE_SOURCE;
				MTL_FAST_MATH = YES;
				ONLY_ACTIVE_ARCH = YES;
				SDKROOT = auto;
				SWIFT_ACTIVE_COMPILATION_CONDITIONS = "DEBUG $(inherited)";
				SWIFT_OPTIMIZATION_LEVEL = "-Onone";
			};
			name = Debug;
		};
		CFG2 /* Release */ = {
			isa = XCBuildConfiguration;
			buildSettings = {
				ALWAYS_SEARCH_USER_PATHS = NO;
				ASCATALOG_COMPILER_GENERATE_SWIFT_ASSET_SYMBOL_EXTENSIONS = YES;
				CLANG_ANALYZER_NONNULL = YES;
				CLANG_ANALYZER_NUMBER_OBJECT_CONVERSION = YES_AGGRESSIVE;
				CLANG_CXX_LANGUAGE_STANDARD = "gnu++20";
				CLANG_ENABLE_MODULES = YES;
				CLANG_ENABLE_OBJC_ARC = YES;
				CLANG_WARN_BLOCK_CAPTURE_AUTORELEASING = YES;
				CLANG_WARN_BOOL_CONVERSION = YES;
				CLANG_WARN_COMMA = YES;
				CLANG_WARN_CONSTANT_CONVERSION = YES;
				CLANG_WARN_DEPRECATED_OBJC_IMPLEMENTATIONS = YES;
				CLANG_WARN_DIRECT_OBJC_ISA_USAGE = YES_ERROR;
				CLANG_WARN_DOCUMENTATION_COMMENTS = YES;
				CLANG_WARN_EMPTY_BODY = YES;
				CLANG_WARN_ENUM_CONVERSION = YES;
				CLANG_WARN_INFINITE_RECURSION = YES;
				CLANG_WARN_INT_CONVERSION = YES;
				CLANG_WARN_NON_LITERAL_NULL_CONVERSION = YES;
				CLANG_WARN_OBJC_IMPLICIT_RETAIN_SELF = YES;
				CLANG_WARN_OBJC_LITERAL_CONVERSION = YES;
				CLANG_WARN_OBJC_ROOT_CLASS = YES_ERROR;
				CLANG_WARN_QUOTED_INCLUDE_IN_FRAMEWORK_HEADER = YES;
				CLANG_WARN_RANGE_LOOP_ANALYSIS = YES;
				CLANG_WARN_STRICT_PROTOTYPES = YES;
				CLANG_WARN_SUSPICIOUS_MOVE = YES;
				CLANG_WARN_UNGUARDED_AVAILABILITY = YES_AGGRESSIVE;
				CLANG_WARN_UNREACHABLE_CODE = YES;
				CLANG_WARN__DUPLICATE_METHOD_MATCH = YES;
				COPY_PHASE_STRIP = NO;
				DEBUG_INFORMATION_FORMAT = "dwarf-with-dsym";
				ENABLE_NS_ASSERTIONS = NO;
				ENABLE_STRICT_OBJC_MSGSEND = YES;
				ENABLE_USER_SCRIPT_SANDBOXING = YES;
				GCC_C_LANGUAGE_STANDARD = gnu17;
				GCC_NO_COMMON_BLOCKS = YES;
				GCC_WARN_64_TO_32_BIT_CONVERSION = YES;
				GCC_WARN_ABOUT_RETURN_TYPE = YES_ERROR;
				GCC_WARN_UNDECLARED_SELECTOR = YES;
				GCC_WARN_UNINITIALIZED_AUTOS = YES_AGGRESSIVE;
				GCC_WARN_UNUSED_FUNCTION = YES;
				GCC_WARN_UNUSED_VARIABLE = YES;
				LOCALIZATION_PREFERS_STRING_CATALOGS = YES;
				MACOSX_DEPLOYMENT_TARGET = 14.0;
				MTL_FAST_MATH = YES;
				SDKROOT = auto;
				SWIFT_COMPILATION_MODE = wholemodule;
			};
			name = Release;
		};
		CFG3 /* Debug */ = {
			isa = XCBuildConfiguration;
			buildSettings = {
				ASSETCATALOG_COMPILER_GLOBAL_ACCENT_COLOR_NAME = AccentColor;
				CODE_SIGN_ENTITLEMENTS = NetMap/NetMap.entitlements;
				CODE_SIGN_IDENTITY = "Apple Development";
				CODE_SIGN_STYLE = Automatic;
				CURRENT_PROJECT_VERSION = 1;
				DEVELOPMENT_TEAM = FMZ62U5D9H;
				ENABLE_HARDENED_RUNTIME = YES;
				GENERATE_INFOPLIST_FILE = YES;
				INFOPLIST_FILE = NetMap/Info.plist;
				INFOPLIST_KEY_CFBundleIconFile = AppIcon;
				INFOPLIST_KEY_NSHumanReadableCopyright = "";
				IPHONEOS_DEPLOYMENT_TARGET = 17.0;
				LD_RUNPATH_SEARCH_PATHS = (
					"@executable_path/Frameworks",
					"@executable_path/../Frameworks",
				);
				MACOSX_DEPLOYMENT_TARGET = 14.0;
				MARKETING_VERSION = 1.0;
				PRODUCT_BUNDLE_IDENTIFIER = com.phil.netmap.app;
				PRODUCT_NAME = "$(TARGET_NAME)";
				PROVISIONING_PROFILE_SPECIFIER = "";
				SUPPORTED_PLATFORMS = "macosx iphoneos iphonesimulator";
				SWIFT_EMIT_LOC_STRINGS = YES;
				SWIFT_VERSION = 5.0;
				TARGETED_DEVICE_FAMILY = "1,2,6";
			};
			name = Debug;
		};
		CFG4 /* Release */ = {
			isa = XCBuildConfiguration;
			buildSettings = {
				ASSETCATALOG_COMPILER_GLOBAL_ACCENT_COLOR_NAME = AccentColor;
				CODE_SIGN_ENTITLEMENTS = NetMap/NetMap.entitlements;
				CODE_SIGN_IDENTITY = "Apple Development";
				CODE_SIGN_STYLE = Automatic;
				CURRENT_PROJECT_VERSION = 1;
				DEVELOPMENT_TEAM = FMZ62U5D9H;
				ENABLE_HARDENED_RUNTIME = YES;
				GENERATE_INFOPLIST_FILE = YES;
				INFOPLIST_FILE = NetMap/Info.plist;
				INFOPLIST_KEY_CFBundleIconFile = AppIcon;
				INFOPLIST_KEY_NSHumanReadableCopyright = "";
				IPHONEOS_DEPLOYMENT_TARGET = 17.0;
				LD_RUNPATH_SEARCH_PATHS = (
					"@executable_path/Frameworks",
					"@executable_path/../Frameworks",
				);
				MACOSX_DEPLOYMENT_TARGET = 14.0;
				MARKETING_VERSION = 1.0;
				PRODUCT_BUNDLE_IDENTIFIER = com.phil.netmap.app;
				PRODUCT_NAME = "$(TARGET_NAME)";
				PROVISIONING_PROFILE_SPECIFIER = "";
				SUPPORTED_PLATFORMS = "macosx iphoneos iphonesimulator";
				SWIFT_EMIT_LOC_STRINGS = YES;
				SWIFT_VERSION = 5.0;
				TARGETED_DEVICE_FAMILY = "1,2,6";
			};
			name = Release;
		};
/* End XCBuildConfiguration section */

/* Begin XCConfigurationList section */
		CFGL /* Build configuration list for PBXNativeTarget "NetMap" */ = {
			isa = XCConfigurationList;
			buildConfigurations = (
				CFG3 /* Debug */,
				CFG4 /* Release */,
			);
			defaultConfigurationIsVisible = 0;
			defaultConfigurationName = Release;
		};
		CFGP /* Build configuration list for PBXProject "NetMap" */ = {
			isa = XCConfigurationList;
			buildConfigurations = (
				CFG1 /* Debug */,
				CFG2 /* Release */,
			);
			defaultConfigurationIsVisible = 0;
			defaultConfigurationName = Release;
		};
/* End XCConfigurationList section */
	};
	rootObject = PROJ /* Project object */;
}
